github.com/pyke369/golang-support v0.0.0-20200302121902-0c739f16977c h1:xKeHQbXvBK4kqiOsRkTjuQKLpk94w3vyJoxicbQhf7c=
github.com/pyke369/golang-support v0.0.0-20200302121902-0c739f16977c/go.mod h1:0XGrzgrEp0fa/+JSV8XZePUwyjnU6C3bMc7Xz2bHHKI=
golang.org/x/sys v0.0.0-20200302150141-5c8b2ff67527 h1:uYVVQ9WP/Ds2ROhcaGPeIdVq0RIXVLwsHlnvJ+cT1So=
golang.org/x/sys v0.0.0-20200302150141-5c8b2ff67527/go.mod h1:h1NjWce9XRLGQEsW7wpKNCjG9DtNlClVuFLEZdDNbEs=
